
Microsoft Visual Studio Solution File, Format Version 12.00
# Visual Studio 15
VisualStudioVersion = 15.0.28010.2046
MinimumVisualStudioVersion = 10.0.40219.1
Project("{FAE04EC0-301F-11D3-BF4B-00C04F79EFBC}") = "PununoCMSUmbraco", "PununoCMSUmbraco\PununoCMSUmbraco.csproj", "{7E456E92-2BC0-42C2-9278-39EB39A5617E}"
EndProject
Global
	GlobalSection(SolutionConfigurationPlatforms) = preSolution
		Debug|Any CPU = Debug|Any CPU
		Release|Any CPU = Release|Any CPU
	EndGlobalSection
	GlobalSection(ProjectConfigurationPlatforms) = postSolution
		{7E456E92-2BC0-42C2-9278-39EB39A5617E}.Debug|Any CPU.ActiveCfg = Debug|Any CPU
		{7E456E92-2BC0-42C2-9278-39EB39A5617E}.Debug|Any CPU.Build.0 = Debug|Any CPU
		{7E456E92-2BC0-42C2-9278-39EB39A5617E}.Release|Any CPU.ActiveCfg = Release|Any CPU
		{7E456E92-2BC0-42C2-9278-39EB39A5617E}.Release|Any CPU.Build.0 = Release|Any CPU
	EndGlobalSection
	GlobalSection(SolutionProperties) = preSolution
		HideSolutionNode = FALSE
	EndGlobalSection
	GlobalSection(ExtensibilityGlobals) = postSolution
		SolutionGuid = {D48F55C4-5BFC-40FC-BB11-522AC87B0DD5}
	EndGlobalSection
EndGlobal
